{
    "_readme": [
        "This file locks the dependencies of your project to a known state",
        "Read more about it at https://getcomposer.org/doc/01-basic-usage.md#composer-lock-the-lock-file",
        "This file is @generated automatically"
    ],
    "hash": "84d07bb7693170c62741fd9982a626a8",
    "content-hash": "3e4a6bc5c6b950aad518b806cf8752ea",
    "packages": [],
    "packages-dev": [],
    "aliases": [],
    "minimum-stability": "stable",
    "stability-flags": [],
    "prefer-stable": false,
    "prefer-lowest": false,
    "platform": {
        "php": ">=5.4",
        "ext-intl": "*",
        "ext-phalcon": ">=1.3.4"
    },
    "platform-dev": []
}
